
Microsoft Visual Studio Solution File, Format Version 12.00
# Visual Studio Version 16
VisualStudioVersion = 16.0.31729.503
MinimumVisualStudioVersion = 10.0.40219.1
Project("{9A19103F-16F7-4668-BE54-9A1E7A4F7556}") = "Parser", "Parser\Parser.csproj", "{F175F1FB-EA63-4A10-941F-8A2DCD373F20}"
EndProject
Global
	GlobalSection(SolutionConfigurationPlatforms) = preSolution
		Debug|Any CPU = Debug|Any CPU
		Release|Any CPU = Release|Any CPU
	EndGlobalSection
	GlobalSection(ProjectConfigurationPlatforms) = postSolution
		{F175F1FB-EA63-4A10-941F-8A2DCD373F20}.Debug|Any CPU.ActiveCfg = Debug|Any CPU
		{F175F1FB-EA63-4A10-941F-8A2DCD373F20}.Debug|Any CPU.Build.0 = Debug|Any CPU
		{F175F1FB-EA63-4A10-941F-8A2DCD373F20}.Release|Any CPU.ActiveCfg = Release|Any CPU
		{F175F1FB-EA63-4A10-941F-8A2DCD373F20}.Release|Any CPU.Build.0 = Release|Any CPU
	EndGlobalSection
	GlobalSection(SolutionProperties) = preSolution
		HideSolutionNode = FALSE
	EndGlobalSection
	GlobalSection(ExtensibilityGlobals) = postSolution
		SolutionGuid = {C1EA5DFF-5B3E-4580-9019-ED0D98342EAE}
	EndGlobalSection
EndGlobal
